
Microsoft Visual Studio Solution File, Format Version 12.00
# Visual Studio Version 16
VisualStudioVersion = 16.0.32106.194
MinimumVisualStudioVersion = 10.0.40219.1
Project("{FAE04EC0-301F-11D3-BF4B-00C04F79EFBC}") = "IngressoMVC", "IngressoMVC\IngressoMVC.csproj", "{A45DCCDC-F5B1-4A32-A95A-FCAB145A900B}"
EndProject
Global
	GlobalSection(SolutionConfigurationPlatforms) = preSolution
		Debug|Any CPU = Debug|Any CPU
		Release|Any CPU = Release|Any CPU
	EndGlobalSection
	GlobalSection(ProjectConfigurationPlatforms) = postSolution
		{A45DCCDC-F5B1-4A32-A95A-FCAB145A900B}.Debug|Any CPU.ActiveCfg = Debug|Any CPU
		{A45DCCDC-F5B1-4A32-A95A-FCAB145A900B}.Debug|Any CPU.Build.0 = Debug|Any CPU
		{A45DCCDC-F5B1-4A32-A95A-FCAB145A900B}.Release|Any CPU.ActiveCfg = Release|Any CPU
		{A45DCCDC-F5B1-4A32-A95A-FCAB145A900B}.Release|Any CPU.Build.0 = Release|Any CPU
	EndGlobalSection
	GlobalSection(SolutionProperties) = preSolution
		HideSolutionNode = FALSE
	EndGlobalSection
	GlobalSection(ExtensibilityGlobals) = postSolution
		SolutionGuid = {AE2C7349-FAA9-4DE3-A7EC-54BD0C79900A}
	EndGlobalSection
EndGlobal
